// !$*UTF8*$!
{
	archiveVersion = 1;
	classes = {
	};
	objectVersion = 51;
	objects = {

/* Begin PBXBuildFile section */
		9E24C9BF26216FFD0097D741 /* NotificationCenterProtocol.swift in Sources */ = {isa = PBXBuildFile; fileRef = 9E24C9BE26216FFD0097D741 /* NotificationCenterProtocol.swift */; };
		9E24C9C2262170E80097D741 /* ApplicationNotificationCenter.swift in Sources */ = {isa = PBXBuildFile; fileRef = 9E24C9C1262170E80097D741 /* ApplicationNotificationCenter.swift */; };
		9E5FD63726020E59008EB927 /* AppDelegate.swift in Sources */ = {isa = PBXBuildFile; fileRef = 9E5FD63626020E59008EB927 /* AppDelegate.swift */; };
		9E5FD63926020E59008EB927 /* SceneDelegate.swift in Sources */ = {isa = PBXBuildFile; fileRef = 9E5FD63826020E59008EB927 /* SceneDelegate.swift */; };
		9E5FD63B26020E59008EB927 /* ViewController.swift in Sources */ = {isa = PBXBuildFile; fileRef = 9E5FD63A26020E59008EB927 /* ViewController.swift */; };
		9E5FD63E26020E59008EB927 /* Main.storyboard in Resources */ = {isa = PBXBuildFile; fileRef = 9E5FD63C26020E59008EB927 /* Main.storyboard */; };
		9E5FD64026020E5C008EB927 /* Assets.xcassets in Resources */ = {isa = PBXBuildFile; fileRef = 9E5FD63F26020E5C008EB927 /* Assets.xcassets */; };
		9E5FD64326020E5C008EB927 /* LaunchScreen.storyboard in Resources */ = {isa = PBXBuildFile; fileRef = 9E5FD64126020E5C008EB927 /* LaunchScreen.storyboard */; };
		9E5FD65126020F49008EB927 /* UILabel+Extension.swift in Sources */ = {isa = PBXBuildFile; fileRef = 9E5FD65026020F49008EB927 /* UILabel+Extension.swift */; };
		9E5FD6762605032C008EB927 /* GitToDoList-Info.plist in Resources */ = {isa = PBXBuildFile; fileRef = 9E5FD6752605032C008EB927 /* GitToDoList-Info.plist */; };
		9E5FD67B260506A4008EB927 /* AppInfo.swift in Sources */ = {isa = PBXBuildFile; fileRef = 9E5FD67A260506A4008EB927 /* AppInfo.swift */; };
		9E5FD6802605070E008EB927 /* AppInfoKey.swift in Sources */ = {isa = PBXBuildFile; fileRef = 9E5FD67F2605070E008EB927 /* AppInfoKey.swift */; };
		9E5FD68426050772008EB927 /* GitHubClientManager.swift in Sources */ = {isa = PBXBuildFile; fileRef = 9E5FD68326050772008EB927 /* GitHubClientManager.swift */; };
		9E5FD68826050D22008EB927 /* LoginVC.swift in Sources */ = {isa = PBXBuildFile; fileRef = 9E5FD68726050D22008EB927 /* LoginVC.swift */; };
		9E5FD68B26050D3E008EB927 /* LoginVM.swift in Sources */ = {isa = PBXBuildFile; fileRef = 9E5FD68A26050D3E008EB927 /* LoginVM.swift */; };
		9E5FD68E26050D5E008EB927 /* Login.storyboard in Resources */ = {isa = PBXBuildFile; fileRef = 9E5FD68D26050D5E008EB927 /* Login.storyboard */; };
		9E5FD69126051176008EB927 /* UIView+Extension.swift in Sources */ = {isa = PBXBuildFile; fileRef = 9E5FD69026051176008EB927 /* UIView+Extension.swift */; };
		9E5FD69C26051325008EB927 /* UIColor+Extension.swift in Sources */ = {isa = PBXBuildFile; fileRef = 9E5FD69B26051325008EB927 /* UIColor+Extension.swift */; };
		9E5FD6A12605F0D6008EB927 /* ViewModelType.swift in Sources */ = {isa = PBXBuildFile; fileRef = 9E5FD6A02605F0D5008EB927 /* ViewModelType.swift */; };
		9E5FD6A42605F3E1008EB927 /* GitHubAPIService.swift in Sources */ = {isa = PBXBuildFile; fileRef = 9E5FD6A32605F3E0008EB927 /* GitHubAPIService.swift */; };
		9E7E0FA7261849AF0006A9E2 /* AccessToken.swift in Sources */ = {isa = PBXBuildFile; fileRef = 9E7E0FA6261849AF0006A9E2 /* AccessToken.swift */; };
		9E7E0FB3261856020006A9E2 /* GitHubAPIManager.swift in Sources */ = {isa = PBXBuildFile; fileRef = 9E7E0FB2261856020006A9E2 /* GitHubAPIManager.swift */; };
		D48F037F26021AD30047C172 /* .swiftlint.yml in Resources */ = {isa = PBXBuildFile; fileRef = D48F037E26021AD30047C172 /* .swiftlint.yml */; };
		D4997140262AC86B002CDE7F /* Tab.storyboard in Resources */ = {isa = PBXBuildFile; fileRef = D499713F262AC86B002CDE7F /* Tab.storyboard */; };
		D4997143262AC8AC002CDE7F /* TabVC.swift in Sources */ = {isa = PBXBuildFile; fileRef = D4997142262AC8AC002CDE7F /* TabVC.swift */; };
		D4997146262ACD49002CDE7F /* IssueVC.swift in Sources */ = {isa = PBXBuildFile; fileRef = D4997145262ACD49002CDE7F /* IssueVC.swift */; };
		D4997149262ACD52002CDE7F /* Issue.storyboard in Resources */ = {isa = PBXBuildFile; fileRef = D4997148262ACD52002CDE7F /* Issue.storyboard */; };
		D499714E262ACD62002CDE7F /* Repo.storyboard in Resources */ = {isa = PBXBuildFile; fileRef = D499714D262ACD62002CDE7F /* Repo.storyboard */; };
		D4997151262ACD71002CDE7F /* RepoVC.swift in Sources */ = {isa = PBXBuildFile; fileRef = D4997150262ACD71002CDE7F /* RepoVC.swift */; };
		D71348CA6E7FE49309787567 /* Pods_GitToDoList.framework in Frameworks */ = {isa = PBXBuildFile; fileRef = F133EBD46408EF03D7128B0B /* Pods_GitToDoList.framework */; };
/* End PBXBuildFile section */

/* Begin PBXFileReference section */
		588B853A4FFF38F6241E17FC /* Pods-GitToDoList.release.xcconfig */ = {isa = PBXFileReference; includeInIndex = 1; lastKnownFileType = text.xcconfig; name = "Pods-GitToDoList.release.xcconfig"; path = "Target Support Files/Pods-GitToDoList/Pods-GitToDoList.release.xcconfig"; sourceTree = "<group>"; };
		85A9A8C6DAA07AB9307FF56F /* Pods-GitToDoList.debug.xcconfig */ = {isa = PBXFileReference; includeInIndex = 1; lastKnownFileType = text.xcconfig; name = "Pods-GitToDoList.debug.xcconfig"; path = "Target Support Files/Pods-GitToDoList/Pods-GitToDoList.debug.xcconfig"; sourceTree = "<group>"; };
		9E24C9BE26216FFD0097D741 /* NotificationCenterProtocol.swift */ = {isa = PBXFileReference; lastKnownFileType = sourcecode.swift; path = NotificationCenterProtocol.swift; sourceTree = "<group>"; };
		9E24C9C1262170E80097D741 /* ApplicationNotificationCenter.swift */ = {isa = PBXFileReference; lastKnownFileType = sourcecode.swift; path = ApplicationNotificationCenter.swift; sourceTree = "<group>"; };
		9E5FD63326020E59008EB927 /* GitToDoList.app */ = {isa = PBXFileReference; explicitFileType = wrapper.application; includeInIndex = 0; path = GitToDoList.app; sourceTree = BUILT_PRODUCTS_DIR; };
		9E5FD63626020E59008EB927 /* AppDelegate.swift */ = {isa = PBXFileReference; lastKnownFileType = sourcecode.swift; path = AppDelegate.swift; sourceTree = "<group>"; };
		9E5FD63826020E59008EB927 /* SceneDelegate.swift */ = {isa = PBXFileReference; lastKnownFileType = sourcecode.swift; path = SceneDelegate.swift; sourceTree = "<group>"; };
		9E5FD63A26020E59008EB927 /* ViewController.swift */ = {isa = PBXFileReference; lastKnownFileType = sourcecode.swift; path = ViewController.swift; sourceTree = "<group>"; };
		9E5FD63D26020E59008EB927 /* Base */ = {isa = PBXFileReference; lastKnownFileType = file.storyboard; name = Base; path = Base.lproj/Main.storyboard; sourceTree = "<group>"; };
		9E5FD63F26020E5C008EB927 /* Assets.xcassets */ = {isa = PBXFileReference; lastKnownFileType = folder.assetcatalog; path = Assets.xcassets; sourceTree = "<group>"; };
		9E5FD64226020E5C008EB927 /* Base */ = {isa = PBXFileReference; lastKnownFileType = file.storyboard; name = Base; path = Base.lproj/LaunchScreen.storyboard; sourceTree = "<group>"; };
		9E5FD64426020E5C008EB927 /* Info.plist */ = {isa = PBXFileReference; lastKnownFileType = text.plist.xml; path = Info.plist; sourceTree = "<group>"; };
		9E5FD65026020F49008EB927 /* UILabel+Extension.swift */ = {isa = PBXFileReference; lastKnownFileType = sourcecode.swift; path = "UILabel+Extension.swift"; sourceTree = "<group>"; };
		9E5FD6752605032C008EB927 /* GitToDoList-Info.plist */ = {isa = PBXFileReference; lastKnownFileType = text.plist.xml; path = "GitToDoList-Info.plist"; sourceTree = "<group>"; };
		9E5FD67A260506A4008EB927 /* AppInfo.swift */ = {isa = PBXFileReference; lastKnownFileType = sourcecode.swift; path = AppInfo.swift; sourceTree = "<group>"; };
		9E5FD67F2605070E008EB927 /* AppInfoKey.swift */ = {isa = PBXFileReference; lastKnownFileType = sourcecode.swift; path = AppInfoKey.swift; sourceTree = "<group>"; };
		9E5FD68326050772008EB927 /* GitHubClientManager.swift */ = {isa = PBXFileReference; lastKnownFileType = sourcecode.swift; path = GitHubClientManager.swift; sourceTree = "<group>"; };
		9E5FD68726050D22008EB927 /* LoginVC.swift */ = {isa = PBXFileReference; lastKnownFileType = sourcecode.swift; path = LoginVC.swift; sourceTree = "<group>"; };
		9E5FD68A26050D3E008EB927 /* LoginVM.swift */ = {isa = PBXFileReference; lastKnownFileType = sourcecode.swift; path = LoginVM.swift; sourceTree = "<group>"; };
		9E5FD68D26050D5E008EB927 /* Login.storyboard */ = {isa = PBXFileReference; lastKnownFileType = file.storyboard; path = Login.storyboard; sourceTree = "<group>"; };
		9E5FD69026051176008EB927 /* UIView+Extension.swift */ = {isa = PBXFileReference; lastKnownFileType = sourcecode.swift; path = "UIView+Extension.swift"; sourceTree = "<group>"; };
		9E5FD69B26051325008EB927 /* UIColor+Extension.swift */ = {isa = PBXFileReference; lastKnownFileType = sourcecode.swift; path = "UIColor+Extension.swift"; sourceTree = "<group>"; };
		9E5FD6A02605F0D5008EB927 /* ViewModelType.swift */ = {isa = PBXFileReference; lastKnownFileType = sourcecode.swift; path = ViewModelType.swift; sourceTree = "<group>"; };
		9E5FD6A32605F3E0008EB927 /* GitHubAPIService.swift */ = {isa = PBXFileReference; lastKnownFileType = sourcecode.swift; path = GitHubAPIService.swift; sourceTree = "<group>"; };
		9E7E0FA6261849AF0006A9E2 /* AccessToken.swift */ = {isa = PBXFileReference; lastKnownFileType = sourcecode.swift; path = AccessToken.swift; sourceTree = "<group>"; };
		9E7E0FB2261856020006A9E2 /* GitHubAPIManager.swift */ = {isa = PBXFileReference; lastKnownFileType = sourcecode.swift; path = GitHubAPIManager.swift; sourceTree = "<group>"; };
		D48F037E26021AD30047C172 /* .swiftlint.yml */ = {isa = PBXFileReference; lastKnownFileType = text.yaml; path = .swiftlint.yml; sourceTree = "<group>"; };
		D499713F262AC86B002CDE7F /* Tab.storyboard */ = {isa = PBXFileReference; lastKnownFileType = file.storyboard; path = Tab.storyboard; sourceTree = "<group>"; };
		D4997142262AC8AC002CDE7F /* TabVC.swift */ = {isa = PBXFileReference; lastKnownFileType = sourcecode.swift; path = TabVC.swift; sourceTree = "<group>"; };
		D4997145262ACD49002CDE7F /* IssueVC.swift */ = {isa = PBXFileReference; lastKnownFileType = sourcecode.swift; path = IssueVC.swift; sourceTree = "<group>"; };
		D4997148262ACD52002CDE7F /* Issue.storyboard */ = {isa = PBXFileReference; lastKnownFileType = file.storyboard; path = Issue.storyboard; sourceTree = "<group>"; };
		D499714D262ACD62002CDE7F /* Repo.storyboard */ = {isa = PBXFileReference; lastKnownFileType = file.storyboard; path = Repo.storyboard; sourceTree = "<group>"; };
		D4997150262ACD71002CDE7F /* RepoVC.swift */ = {isa = PBXFileReference; lastKnownFileType = sourcecode.swift; path = RepoVC.swift; sourceTree = "<group>"; };
		F133EBD46408EF03D7128B0B /* Pods_GitToDoList.framework */ = {isa = PBXFileReference; explicitFileType = wrapper.framework; includeInIndex = 0; path = Pods_GitToDoList.framework; sourceTree = BUILT_PRODUCTS_DIR; };
/* End PBXFileReference section */

/* Begin PBXFrameworksBuildPhase section */
		9E5FD63026020E59008EB927 /* Frameworks */ = {
			isa = PBXFrameworksBuildPhase;
			buildActionMask = 2147483647;
			files = (
				D71348CA6E7FE49309787567 /* Pods_GitToDoList.framework in Frameworks */,
			);
			runOnlyForDeploymentPostprocessing = 0;
		};
/* End PBXFrameworksBuildPhase section */

/* Begin PBXGroup section */
		9E5FD62A26020E59008EB927 = {
			isa = PBXGroup;
			children = (
				D48F037E26021AD30047C172 /* .swiftlint.yml */,
				9E5FD63526020E59008EB927 /* GitToDoList */,
				9E5FD63426020E59008EB927 /* Products */,
				E270A4B37A8CFA2B64E1AB8D /* Pods */,
				ACBB6535695221EBA9E00756 /* Frameworks */,
			);
			sourceTree = "<group>";
		};
		9E5FD63426020E59008EB927 /* Products */ = {
			isa = PBXGroup;
			children = (
				9E5FD63326020E59008EB927 /* GitToDoList.app */,
			);
			name = Products;
			sourceTree = "<group>";
		};
		9E5FD63526020E59008EB927 /* GitToDoList */ = {
			isa = PBXGroup;
			children = (
				9E5FD69F2605F0C3008EB927 /* Protocols */,
				9E5FD67E26050702008EB927 /* Commons */,
				9E5FD6782605065A008EB927 /* Managers */,
				9E5FD67426050305008EB927 /* Config */,
				9E7E0FA5261849A50006A9E2 /* Model */,
				9E5FD69E26051721008EB927 /* Networking */,
				9E5FD64F26020F2F008EB927 /* Extension */,
				9E5FD64C26020ED7008EB927 /* Screen */,
				9E5FD64B26020EC8008EB927 /* Support */,
			);
			path = GitToDoList;
			sourceTree = "<group>";
		};
		9E5FD64B26020EC8008EB927 /* Support */ = {
			isa = PBXGroup;
			children = (
				9E5FD64D26020F11008EB927 /* Delegate */,
				9E5FD63F26020E5C008EB927 /* Assets.xcassets */,
				9E5FD64426020E5C008EB927 /* Info.plist */,
			);
			path = Support;
			sourceTree = "<group>";
		};
		9E5FD64C26020ED7008EB927 /* Screen */ = {
			isa = PBXGroup;
			children = (
				D499713E262AC851002CDE7F /* Tab */,
				9E5FD68626050D0A008EB927 /* Login */,
				D499714B262ACD57002CDE7F /* Issue */,
				D4997154262ACD75002CDE7F /* Repo */,
			);
			path = Screen;
			sourceTree = "<group>";
		};
		9E5FD64D26020F11008EB927 /* Delegate */ = {
			isa = PBXGroup;
			children = (
				9E5FD63626020E59008EB927 /* AppDelegate.swift */,
				9E5FD63826020E59008EB927 /* SceneDelegate.swift */,
				9E5FD63A26020E59008EB927 /* ViewController.swift */,
				9E5FD63C26020E59008EB927 /* Main.storyboard */,
				9E5FD64126020E5C008EB927 /* LaunchScreen.storyboard */,
			);
			path = Delegate;
			sourceTree = "<group>";
		};
		9E5FD64F26020F2F008EB927 /* Extension */ = {
			isa = PBXGroup;
			children = (
				9E5FD65026020F49008EB927 /* UILabel+Extension.swift */,
				9E5FD69026051176008EB927 /* UIView+Extension.swift */,
				9E5FD69B26051325008EB927 /* UIColor+Extension.swift */,
			);
			path = Extension;
			sourceTree = "<group>";
		};
		9E5FD67426050305008EB927 /* Config */ = {
			isa = PBXGroup;
			children = (
				9E5FD6752605032C008EB927 /* GitToDoList-Info.plist */,
			);
			path = Config;
			sourceTree = "<group>";
		};
		9E5FD6782605065A008EB927 /* Managers */ = {
			isa = PBXGroup;
			children = (
				9E5FD67926050664008EB927 /* GitHubAccessManager */,
			);
			path = Managers;
			sourceTree = "<group>";
		};
		9E5FD67926050664008EB927 /* GitHubAccessManager */ = {
			isa = PBXGroup;
			children = (
				9E5FD68326050772008EB927 /* GitHubClientManager.swift */,
				9E7E0FB2261856020006A9E2 /* GitHubAPIManager.swift */,
			);
			path = GitHubAccessManager;
			sourceTree = "<group>";
		};
		9E5FD67E26050702008EB927 /* Commons */ = {
			isa = PBXGroup;
			children = (
				D499712E262AC681002CDE7F /* AppInfo */,
				9E24C9C1262170E80097D741 /* ApplicationNotificationCenter.swift */,
			);
			path = Commons;
			sourceTree = "<group>";
		};
		9E5FD68626050D0A008EB927 /* Login */ = {
			isa = PBXGroup;
			children = (
				9E5FD68726050D22008EB927 /* LoginVC.swift */,
				9E5FD68A26050D3E008EB927 /* LoginVM.swift */,
				9E5FD68D26050D5E008EB927 /* Login.storyboard */,
			);
			path = Login;
			sourceTree = "<group>";
		};
		9E5FD69E26051721008EB927 /* Networking */ = {
			isa = PBXGroup;
			children = (
				9E5FD6A32605F3E0008EB927 /* GitHubAPIService.swift */,
			);
			path = Networking;
			sourceTree = "<group>";
		};
		9E5FD69F2605F0C3008EB927 /* Protocols */ = {
			isa = PBXGroup;
			children = (
				9E5FD6A02605F0D5008EB927 /* ViewModelType.swift */,
				9E24C9BE26216FFD0097D741 /* NotificationCenterProtocol.swift */,
			);
			path = Protocols;
			sourceTree = "<group>";
		};
		9E7E0FA5261849A50006A9E2 /* Model */ = {
			isa = PBXGroup;
			children = (
				9E7E0FA6261849AF0006A9E2 /* AccessToken.swift */,
			);
			path = Model;
			sourceTree = "<group>";
		};
		ACBB6535695221EBA9E00756 /* Frameworks */ = {
			isa = PBXGroup;
			children = (
				F133EBD46408EF03D7128B0B /* Pods_GitToDoList.framework */,
			);
			name = Frameworks;
			sourceTree = "<group>";
		};
		D499712E262AC681002CDE7F /* AppInfo */ = {
			isa = PBXGroup;
			children = (
				9E5FD67F2605070E008EB927 /* AppInfoKey.swift */,
				9E5FD67A260506A4008EB927 /* AppInfo.swift */,
			);
			path = AppInfo;
			sourceTree = "<group>";
		};
		D499713E262AC851002CDE7F /* Tab */ = {
			isa = PBXGroup;
			children = (
				D499713F262AC86B002CDE7F /* Tab.storyboard */,
				D4997142262AC8AC002CDE7F /* TabVC.swift */,
			);
			path = Tab;
			sourceTree = "<group>";
		};
		D499714B262ACD57002CDE7F /* Issue */ = {
			isa = PBXGroup;
			children = (
				D4997148262ACD52002CDE7F /* Issue.storyboard */,
				D4997145262ACD49002CDE7F /* IssueVC.swift */,
			);
			path = Issue;
			sourceTree = "<group>";
		};
		D4997154262ACD75002CDE7F /* Repo */ = {
			isa = PBXGroup;
			children = (
				D499714D262ACD62002CDE7F /* Repo.storyboard */,
				D4997150262ACD71002CDE7F /* RepoVC.swift */,
			);
			path = Repo;
			sourceTree = "<group>";
		};
		E270A4B37A8CFA2B64E1AB8D /* Pods */ = {
			isa = PBXGroup;
			children = (
				85A9A8C6DAA07AB9307FF56F /* Pods-GitToDoList.debug.xcconfig */,
				588B853A4FFF38F6241E17FC /* Pods-GitToDoList.release.xcconfig */,
			);
			path = Pods;
			sourceTree = "<group>";
		};
/* End PBXGroup section */

/* Begin PBXNativeTarget section */
		9E5FD63226020E59008EB927 /* GitToDoList */ = {
			isa = PBXNativeTarget;
			buildConfigurationList = 9E5FD64726020E5C008EB927 /* Build configuration list for PBXNativeTarget "GitToDoList" */;
			buildPhases = (
				D9647B2E2566B63AC0746804 /* [CP] Check Pods Manifest.lock */,
				9E5FD62F26020E59008EB927 /* Sources */,
				9E5FD63026020E59008EB927 /* Frameworks */,
				9E5FD63126020E59008EB927 /* Resources */,
				DCB2D4F812AFE2C227926B28 /* [CP] Embed Pods Frameworks */,
				D48F037C26021A7A0047C172 /* swiftlint */,
			);
			buildRules = (
			);
			dependencies = (
			);
			name = GitToDoList;
			productName = GitToDoList;
			productReference = 9E5FD63326020E59008EB927 /* GitToDoList.app */;
			productType = "com.apple.product-type.application";
		};
/* End PBXNativeTarget section */

/* Begin PBXProject section */
		9E5FD62B26020E59008EB927 /* Project object */ = {
			isa = PBXProject;
			attributes = {
				LastSwiftUpdateCheck = 1240;
				LastUpgradeCheck = 1240;
				TargetAttributes = {
					9E5FD63226020E59008EB927 = {
						CreatedOnToolsVersion = 12.4;
					};
				};
			};
			buildConfigurationList = 9E5FD62E26020E59008EB927 /* Build configuration list for PBXProject "GitToDoList" */;
			compatibilityVersion = "Xcode 9.3";
			developmentRegion = en;
			hasScannedForEncodings = 0;
			knownRegions = (
				en,
				Base,
			);
			mainGroup = 9E5FD62A26020E59008EB927;
			productRefGroup = 9E5FD63426020E59008EB927 /* Products */;
			projectDirPath = "";
			projectRoot = "";
			targets = (
				9E5FD63226020E59008EB927 /* GitToDoList */,
			);
		};
/* End PBXProject section */

/* Begin PBXResourcesBuildPhase section */
		9E5FD63126020E59008EB927 /* Resources */ = {
			isa = PBXResourcesBuildPhase;
			buildActionMask = 2147483647;
			files = (
				D4997149262ACD52002CDE7F /* Issue.storyboard in Resources */,
				D48F037F26021AD30047C172 /* .swiftlint.yml in Resources */,
				9E5FD6762605032C008EB927 /* GitToDoList-Info.plist in Resources */,
				D4997140262AC86B002CDE7F /* Tab.storyboard in Resources */,
				9E5FD68E26050D5E008EB927 /* Login.storyboard in Resources */,
				9E5FD64326020E5C008EB927 /* LaunchScreen.storyboard in Resources */,
				D499714E262ACD62002CDE7F /* Repo.storyboard in Resources */,
				9E5FD64026020E5C008EB927 /* Assets.xcassets in Resources */,
				9E5FD63E26020E59008EB927 /* Main.storyboard in Resources */,
			);
			runOnlyForDeploymentPostprocessing = 0;
		};
/* End PBXResourcesBuildPhase section */

/* Begin PBXShellScriptBuildPhase section */
		D48F037C26021A7A0047C172 /* swiftlint */ = {
			isa = PBXShellScriptBuildPhase;
			buildActionMask = 2147483647;
			files = (
			);
			inputFileListPaths = (
			);
			inputPaths = (
			);
			name = swiftlint;
			outputFileListPaths = (
			);
			outputPaths = (
			);
			runOnlyForDeploymentPostprocessing = 0;
			shellPath = /bin/sh;
			shellScript = "if which swiftlint >/dev/null; then\n  swiftlint\nelse\n  echo \"warning: SwiftLint not installed, download from https://github.com/realm/SwiftLint\"\nfi\n";
		};
		D9647B2E2566B63AC0746804 /* [CP] Check Pods Manifest.lock */ = {
			isa = PBXShellScriptBuildPhase;
			buildActionMask = 2147483647;
			files = (
			);
			inputFileListPaths = (
			);
			inputPaths = (
				"${PODS_PODFILE_DIR_PATH}/Podfile.lock",
				"${PODS_ROOT}/Manifest.lock",
			);
			name = "[CP] Check Pods Manifest.lock";
			outputFileListPaths = (
			);
			outputPaths = (
				"$(DERIVED_FILE_DIR)/Pods-GitToDoList-checkManifestLockResult.txt",
			);
			runOnlyForDeploymentPostprocessing = 0;
			shellPath = /bin/sh;
			shellScript = "diff \"${PODS_PODFILE_DIR_PATH}/Podfile.lock\" \"${PODS_ROOT}/Manifest.lock\" > /dev/null\nif [ $? != 0 ] ; then\n    # print error to STDERR\n    echo \"error: The sandbox is not in sync with the Podfile.lock. Run 'pod install' or update your CocoaPods installation.\" >&2\n    exit 1\nfi\n# This output is used by Xcode 'outputs' to avoid re-running this script phase.\necho \"SUCCESS\" > \"${SCRIPT_OUTPUT_FILE_0}\"\n";
			showEnvVarsInLog = 0;
		};
		DCB2D4F812AFE2C227926B28 /* [CP] Embed Pods Frameworks */ = {
			isa = PBXShellScriptBuildPhase;
			buildActionMask = 2147483647;
			files = (
			);
			inputFileListPaths = (
				"${PODS_ROOT}/Target Support Files/Pods-GitToDoList/Pods-GitToDoList-frameworks-${CONFIGURATION}-input-files.xcfilelist",
			);
			name = "[CP] Embed Pods Frameworks";
			outputFileListPaths = (
				"${PODS_ROOT}/Target Support Files/Pods-GitToDoList/Pods-GitToDoList-frameworks-${CONFIGURATION}-output-files.xcfilelist",
			);
			runOnlyForDeploymentPostprocessing = 0;
			shellPath = /bin/sh;
			shellScript = "\"${PODS_ROOT}/Target Support Files/Pods-GitToDoList/Pods-GitToDoList-frameworks.sh\"\n";
			showEnvVarsInLog = 0;
		};
/* End PBXShellScriptBuildPhase section */

/* Begin PBXSourcesBuildPhase section */
		9E5FD62F26020E59008EB927 /* Sources */ = {
			isa = PBXSourcesBuildPhase;
			buildActionMask = 2147483647;
			files = (
				D4997143262AC8AC002CDE7F /* TabVC.swift in Sources */,
				9E5FD65126020F49008EB927 /* UILabel+Extension.swift in Sources */,
				9E5FD67B260506A4008EB927 /* AppInfo.swift in Sources */,
				9E5FD68826050D22008EB927 /* LoginVC.swift in Sources */,
				9E5FD69C26051325008EB927 /* UIColor+Extension.swift in Sources */,
				9E5FD63B26020E59008EB927 /* ViewController.swift in Sources */,
				9E24C9C2262170E80097D741 /* ApplicationNotificationCenter.swift in Sources */,
				9E5FD6802605070E008EB927 /* AppInfoKey.swift in Sources */,
				9E5FD68B26050D3E008EB927 /* LoginVM.swift in Sources */,
				9E5FD68426050772008EB927 /* GitHubClientManager.swift in Sources */,
				9E5FD6A12605F0D6008EB927 /* ViewModelType.swift in Sources */,
				9E5FD63726020E59008EB927 /* AppDelegate.swift in Sources */,
				9E24C9BF26216FFD0097D741 /* NotificationCenterProtocol.swift in Sources */,
				9E5FD69126051176008EB927 /* UIView+Extension.swift in Sources */,
				9E5FD6A42605F3E1008EB927 /* GitHubAPIService.swift in Sources */,
				9E5FD63926020E59008EB927 /* SceneDelegate.swift in Sources */,
				9E7E0FA7261849AF0006A9E2 /* AccessToken.swift in Sources */,
				9E7E0FB3261856020006A9E2 /* GitHubAPIManager.swift in Sources */,
				D4997151262ACD71002CDE7F /* RepoVC.swift in Sources */,
				D4997146262ACD49002CDE7F /* IssueVC.swift in Sources */,
			);
			runOnlyForDeploymentPostprocessing = 0;
		};
/* End PBXSourcesBuildPhase section */

/* Begin PBXVariantGroup section */
		9E5FD63C26020E59008EB927 /* Main.storyboard */ = {
			isa = PBXVariantGroup;
			children = (
				9E5FD63D26020E59008EB927 /* Base */,
			);
			name = Main.storyboard;
			sourceTree = "<group>";
		};
		9E5FD64126020E5C008EB927 /* LaunchScreen.storyboard */ = {
			isa = PBXVariantGroup;
			children = (
				9E5FD64226020E5C008EB927 /* Base */,
			);
			name = LaunchScreen.storyboard;
			sourceTree = "<group>";
		};
/* End PBXVariantGroup section */

/* Begin XCBuildConfiguration section */
		9E5FD64526020E5C008EB927 /* Debug */ = {
			isa = XCBuildConfiguration;
			buildSettings = {
				ALWAYS_SEARCH_USER_PATHS = NO;
				CLANG_ANALYZER_NONNULL = YES;
				CLANG_ANALYZER_NUMBER_OBJECT_CONVERSION = YES_AGGRESSIVE;
				CLANG_CXX_LANGUAGE_STANDARD = "gnu++14";
				CLANG_CXX_LIBRARY = "libc++";
				CLANG_ENABLE_MODULES = YES;
				CLANG_ENABLE_OBJC_ARC = YES;
				CLANG_ENABLE_OBJC_WEAK = YES;
				CLANG_WARN_BLOCK_CAPTURE_AUTORELEASING = YES;
				CLANG_WARN_BOOL_CONVERSION = YES;
				CLANG_WARN_COMMA = YES;
				CLANG_WARN_CONSTANT_CONVERSION = YES;
				CLANG_WARN_DEPRECATED_OBJC_IMPLEMENTATIONS = YES;
				CLANG_WARN_DIRECT_OBJC_ISA_USAGE = YES_ERROR;
				CLANG_WARN_DOCUMENTATION_COMMENTS = YES;
				CLANG_WARN_EMPTY_BODY = YES;
				CLANG_WARN_ENUM_CONVERSION = YES;
				CLANG_WARN_INFINITE_RECURSION = YES;
				CLANG_WARN_INT_CONVERSION = YES;
				CLANG_WARN_NON_LITERAL_NULL_CONVERSION = YES;
				CLANG_WARN_OBJC_IMPLICIT_RETAIN_SELF = YES;
				CLANG_WARN_OBJC_LITERAL_CONVERSION = YES;
				CLANG_WARN_OBJC_ROOT_CLASS = YES_ERROR;
				CLANG_WARN_QUOTED_INCLUDE_IN_FRAMEWORK_HEADER = YES;
				CLANG_WARN_RANGE_LOOP_ANALYSIS = YES;
				CLANG_WARN_STRICT_PROTOTYPES = YES;
				CLANG_WARN_SUSPICIOUS_MOVE = YES;
				CLANG_WARN_UNGUARDED_AVAILABILITY = YES_AGGRESSIVE;
				CLANG_WARN_UNREACHABLE_CODE = YES;
				CLANG_WARN__DUPLICATE_METHOD_MATCH = YES;
				COPY_PHASE_STRIP = NO;
				DEBUG_INFORMATION_FORMAT = dwarf;
				ENABLE_STRICT_OBJC_MSGSEND = YES;
				ENABLE_TESTABILITY = YES;
				GCC_C_LANGUAGE_STANDARD = gnu11;
				GCC_DYNAMIC_NO_PIC = NO;
				GCC_NO_COMMON_BLOCKS = YES;
				GCC_OPTIMIZATION_LEVEL = 0;
				GCC_PREPROCESSOR_DEFINITIONS = (
					"DEBUG=1",
					"$(inherited)",
				);
				GCC_WARN_64_TO_32_BIT_CONVERSION = YES;
				GCC_WARN_ABOUT_RETURN_TYPE = YES_ERROR;
				GCC_WARN_UNDECLARED_SELECTOR = YES;
				GCC_WARN_UNINITIALIZED_AUTOS = YES_AGGRESSIVE;
				GCC_WARN_UNUSED_FUNCTION = YES;
				GCC_WARN_UNUSED_VARIABLE = YES;
				IPHONEOS_DEPLOYMENT_TARGET = 14.4;
				MTL_ENABLE_DEBUG_INFO = INCLUDE_SOURCE;
				MTL_FAST_MATH = YES;
				ONLY_ACTIVE_ARCH = YES;
				SDKROOT = iphoneos;
				SWIFT_ACTIVE_COMPILATION_CONDITIONS = DEBUG;
				SWIFT_OPTIMIZATION_LEVEL = "-Onone";
			};
			name = Debug;
		};
		9E5FD64626020E5C008EB927 /* Release */ = {
			isa = XCBuildConfiguration;
			buildSettings = {
				ALWAYS_SEARCH_USER_PATHS = NO;
				CLANG_ANALYZER_NONNULL = YES;
				CLANG_ANALYZER_NUMBER_OBJECT_CONVERSION = YES_AGGRESSIVE;
				CLANG_CXX_LANGUAGE_STANDARD = "gnu++14";
				CLANG_CXX_LIBRARY = "libc++";
				CLANG_ENABLE_MODULES = YES;
				CLANG_ENABLE_OBJC_ARC = YES;
				CLANG_ENABLE_OBJC_WEAK = YES;
				CLANG_WARN_BLOCK_CAPTURE_AUTORELEASING = YES;
				CLANG_WARN_BOOL_CONVERSION = YES;
				CLANG_WARN_COMMA = YES;
				CLANG_WARN_CONSTANT_CONVERSION = YES;
				CLANG_WARN_DEPRECATED_OBJC_IMPLEMENTATIONS = YES;
				CLANG_WARN_DIRECT_OBJC_ISA_USAGE = YES_ERROR;
				CLANG_WARN_DOCUMENTATION_COMMENTS = YES;
				CLANG_WARN_EMPTY_BODY = YES;
				CLANG_WARN_ENUM_CONVERSION = YES;
				CLANG_WARN_INFINITE_RECURSION = YES;
				CLANG_WARN_INT_CONVERSION = YES;
				CLANG_WARN_NON_LITERAL_NULL_CONVERSION = YES;
				CLANG_WARN_OBJC_IMPLICIT_RETAIN_SELF = YES;
				CLANG_WARN_OBJC_LITERAL_CONVERSION = YES;
				CLANG_WARN_OBJC_ROOT_CLASS = YES_ERROR;
				CLANG_WARN_QUOTED_INCLUDE_IN_FRAMEWORK_HEADER = YES;
				CLANG_WARN_RANGE_LOOP_ANALYSIS = YES;
				CLANG_WARN_STRICT_PROTOTYPES = YES;
				CLANG_WARN_SUSPICIOUS_MOVE = YES;
				CLANG_WARN_UNGUARDED_AVAILABILITY = YES_AGGRESSIVE;
				CLANG_WARN_UNREACHABLE_CODE = YES;
				CLANG_WARN__DUPLICATE_METHOD_MATCH = YES;
				COPY_PHASE_STRIP = NO;
				DEBUG_INFORMATION_FORMAT = "dwarf-with-dsym";
				ENABLE_NS_ASSERTIONS = NO;
				ENABLE_STRICT_OBJC_MSGSEND = YES;
				GCC_C_LANGUAGE_STANDARD = gnu11;
				GCC_NO_COMMON_BLOCKS = YES;
				GCC_WARN_64_TO_32_BIT_CONVERSION = YES;
				GCC_WARN_ABOUT_RETURN_TYPE = YES_ERROR;
				GCC_WARN_UNDECLARED_SELECTOR = YES;
				GCC_WARN_UNINITIALIZED_AUTOS = YES_AGGRESSIVE;
				GCC_WARN_UNUSED_FUNCTION = YES;
				GCC_WARN_UNUSED_VARIABLE = YES;
				IPHONEOS_DEPLOYMENT_TARGET = 14.4;
				MTL_ENABLE_DEBUG_INFO = NO;
				MTL_FAST_MATH = YES;
				SDKROOT = iphoneos;
				SWIFT_COMPILATION_MODE = wholemodule;
				SWIFT_OPTIMIZATION_LEVEL = "-O";
				VALIDATE_PRODUCT = YES;
			};
			name = Release;
		};
		9E5FD64826020E5C008EB927 /* Debug */ = {
			isa = XCBuildConfiguration;
			baseConfigurationReference = 85A9A8C6DAA07AB9307FF56F /* Pods-GitToDoList.debug.xcconfig */;
			buildSettings = {
				ASSETCATALOG_COMPILER_APPICON_NAME = AppIcon;
				ASSETCATALOG_COMPILER_GLOBAL_ACCENT_COLOR_NAME = AccentColor;
				CODE_SIGN_STYLE = Automatic;
				DEVELOPMENT_TEAM = TZVHD77BLL;
				INFOPLIST_FILE = GitToDoList/Support/Info.plist;
				LD_RUNPATH_SEARCH_PATHS = (
					"$(inherited)",
					"@executable_path/Frameworks",
				);
				PRODUCT_BUNDLE_IDENTIFIER = com.minseung.GitToDoList;
				PRODUCT_NAME = "$(TARGET_NAME)";
				SWIFT_VERSION = 5.0;
				TARGETED_DEVICE_FAMILY = "1,2";
			};
			name = Debug;
		};
		9E5FD64926020E5C008EB927 /* Release */ = {
			isa = XCBuildConfiguration;
			baseConfigurationReference = 588B853A4FFF38F6241E17FC /* Pods-GitToDoList.release.xcconfig */;
			buildSettings = {
				ASSETCATALOG_COMPILER_APPICON_NAME = AppIcon;
				ASSETCATALOG_COMPILER_GLOBAL_ACCENT_COLOR_NAME = AccentColor;
				CODE_SIGN_STYLE = Automatic;
				DEVELOPMENT_TEAM = TZVHD77BLL;
				INFOPLIST_FILE = GitToDoList/Support/Info.plist;
				LD_RUNPATH_SEARCH_PATHS = (
					"$(inherited)",
					"@executable_path/Frameworks",
				);
				PRODUCT_BUNDLE_IDENTIFIER = com.minseung.GitToDoList;
				PRODUCT_NAME = "$(TARGET_NAME)";
				SWIFT_VERSION = 5.0;
				TARGETED_DEVICE_FAMILY = "1,2";
			};
			name = Release;
		};
/* End XCBuildConfiguration section */

/* Begin XCConfigurationList section */
		9E5FD62E26020E59008EB927 /* Build configuration list for PBXProject "GitToDoList" */ = {
			isa = XCConfigurationList;
			buildConfigurations = (
				9E5FD64526020E5C008EB927 /* Debug */,
				9E5FD64626020E5C008EB927 /* Release */,
			);
			defaultConfigurationIsVisible = 0;
			defaultConfigurationName = Release;
		};
		9E5FD64726020E5C008EB927 /* Build configuration list for PBXNativeTarget "GitToDoList" */ = {
			isa = XCConfigurationList;
			buildConfigurations = (
				9E5FD64826020E5C008EB927 /* Debug */,
				9E5FD64926020E5C008EB927 /* Release */,
			);
			defaultConfigurationIsVisible = 0;
			defaultConfigurationName = Release;
		};
/* End XCConfigurationList section */
	};
	rootObject = 9E5FD62B26020E59008EB927 /* Project object */;
}
