// !$*UTF8*$!
{
	archiveVersion = 1;
	classes = {
	};
	objectVersion = 50;
	objects = {

/* Begin PBXBuildFile section */
		9E5FD63726020E59008EB927 /* AppDelegate.swift in Sources */ = {isa = PBXBuildFile; fileRef = 9E5FD63626020E59008EB927 /* AppDelegate.swift */; };
		9E5FD63926020E59008EB927 /* SceneDelegate.swift in Sources */ = {isa = PBXBuildFile; fileRef = 9E5FD63826020E59008EB927 /* SceneDelegate.swift */; };
		9E5FD63B26020E59008EB927 /* ViewController.swift in Sources */ = {isa = PBXBuildFile; fileRef = 9E5FD63A26020E59008EB927 /* ViewController.swift */; };
		9E5FD63E26020E59008EB927 /* Main.storyboard in Resources */ = {isa = PBXBuildFile; fileRef = 9E5FD63C26020E59008EB927 /* Main.storyboard */; };
		9E5FD64026020E5C008EB927 /* Assets.xcassets in Resources */ = {isa = PBXBuildFile; fileRef = 9E5FD63F26020E5C008EB927 /* Assets.xcassets */; };
		9E5FD64326020E5C008EB927 /* LaunchScreen.storyboard in Resources */ = {isa = PBXBuildFile; fileRef = 9E5FD64126020E5C008EB927 /* LaunchScreen.storyboard */; };
		9E5FD65126020F49008EB927 /* UILabel+Extension.swift in Sources */ = {isa = PBXBuildFile; fileRef = 9E5FD65026020F49008EB927 /* UILabel+Extension.swift */; };
		D71348CA6E7FE49309787567 /* Pods_GitToDoList.framework in Frameworks */ = {isa = PBXBuildFile; fileRef = F133EBD46408EF03D7128B0B /* Pods_GitToDoList.framework */; };
/* End PBXBuildFile section */

/* Begin PBXFileReference section */
		588B853A4FFF38F6241E17FC /* Pods-GitToDoList.release.xcconfig */ = {isa = PBXFileReference; includeInIndex = 1; lastKnownFileType = text.xcconfig; name = "Pods-GitToDoList.release.xcconfig"; path = "Target Support Files/Pods-GitToDoList/Pods-GitToDoList.release.xcconfig"; sourceTree = "<group>"; };
		85A9A8C6DAA07AB9307FF56F /* Pods-GitToDoList.debug.xcconfig */ = {isa = PBXFileReference; includeInIndex = 1; lastKnownFileType = text.xcconfig; name = "Pods-GitToDoList.debug.xcconfig"; path = "Target Support Files/Pods-GitToDoList/Pods-GitToDoList.debug.xcconfig"; sourceTree = "<group>"; };
		9E5FD63326020E59008EB927 /* GitToDoList.app */ = {isa = PBXFileReference; explicitFileType = wrapper.application; includeInIndex = 0; path = GitToDoList.app; sourceTree = BUILT_PRODUCTS_DIR; };
		9E5FD63626020E59008EB927 /* AppDelegate.swift */ = {isa = PBXFileReference; lastKnownFileType = sourcecode.swift; path = AppDelegate.swift; sourceTree = "<group>"; };
		9E5FD63826020E59008EB927 /* SceneDelegate.swift */ = {isa = PBXFileReference; lastKnownFileType = sourcecode.swift; path = SceneDelegate.swift; sourceTree = "<group>"; };
		9E5FD63A26020E59008EB927 /* ViewController.swift */ = {isa = PBXFileReference; lastKnownFileType = sourcecode.swift; path = ViewController.swift; sourceTree = "<group>"; };
		9E5FD63D26020E59008EB927 /* Base */ = {isa = PBXFileReference; lastKnownFileType = file.storyboard; name = Base; path = Base.lproj/Main.storyboard; sourceTree = "<group>"; };
		9E5FD63F26020E5C008EB927 /* Assets.xcassets */ = {isa = PBXFileReference; lastKnownFileType = folder.assetcatalog; path = Assets.xcassets; sourceTree = "<group>"; };
		9E5FD64226020E5C008EB927 /* Base */ = {isa = PBXFileReference; lastKnownFileType = file.storyboard; name = Base; path = Base.lproj/LaunchScreen.storyboard; sourceTree = "<group>"; };
		9E5FD64426020E5C008EB927 /* Info.plist */ = {isa = PBXFileReference; lastKnownFileType = text.plist.xml; path = Info.plist; sourceTree = "<group>"; };
		9E5FD65026020F49008EB927 /* UILabel+Extension.swift */ = {isa = PBXFileReference; lastKnownFileType = sourcecode.swift; path = "UILabel+Extension.swift"; sourceTree = "<group>"; };
		F133EBD46408EF03D7128B0B /* Pods_GitToDoList.framework */ = {isa = PBXFileReference; explicitFileType = wrapper.framework; includeInIndex = 0; path = Pods_GitToDoList.framework; sourceTree = BUILT_PRODUCTS_DIR; };
/* End PBXFileReference section */

/* Begin PBXFrameworksBuildPhase section */
		9E5FD63026020E59008EB927 /* Frameworks */ = {
			isa = PBXFrameworksBuildPhase;
			buildActionMask = 2147483647;
			files = (
				D71348CA6E7FE49309787567 /* Pods_GitToDoList.framework in Frameworks */,
			);
			runOnlyForDeploymentPostprocessing = 0;
		};
/* End PBXFrameworksBuildPhase section */

/* Begin PBXGroup section */
		9E5FD62A26020E59008EB927 = {
			isa = PBXGroup;
			children = (
				9E5FD63526020E59008EB927 /* GitToDoList */,
				9E5FD63426020E59008EB927 /* Products */,
				E270A4B37A8CFA2B64E1AB8D /* Pods */,
				ACBB6535695221EBA9E00756 /* Frameworks */,
			);
			sourceTree = "<group>";
		};
		9E5FD63426020E59008EB927 /* Products */ = {
			isa = PBXGroup;
			children = (
				9E5FD63326020E59008EB927 /* GitToDoList.app */,
			);
			name = Products;
			sourceTree = "<group>";
		};
		9E5FD63526020E59008EB927 /* GitToDoList */ = {
			isa = PBXGroup;
			children = (
				9E5FD64E26020F29008EB927 /* Global */,
				9E5FD64C26020ED7008EB927 /* Screen */,
				9E5FD64B26020EC8008EB927 /* Support */,
				9E5FD64426020E5C008EB927 /* Info.plist */,
			);
			path = GitToDoList;
			sourceTree = "<group>";
		};
		9E5FD64B26020EC8008EB927 /* Support */ = {
			isa = PBXGroup;
			children = (
				9E5FD64D26020F11008EB927 /* Delegate */,
				9E5FD63F26020E5C008EB927 /* Assets.xcassets */,
			);
			path = Support;
			sourceTree = "<group>";
		};
		9E5FD64C26020ED7008EB927 /* Screen */ = {
			isa = PBXGroup;
			children = (
			);
			path = Screen;
			sourceTree = "<group>";
		};
		9E5FD64D26020F11008EB927 /* Delegate */ = {
			isa = PBXGroup;
			children = (
				9E5FD63626020E59008EB927 /* AppDelegate.swift */,
				9E5FD63826020E59008EB927 /* SceneDelegate.swift */,
				9E5FD63A26020E59008EB927 /* ViewController.swift */,
				9E5FD63C26020E59008EB927 /* Main.storyboard */,
				9E5FD64126020E5C008EB927 /* LaunchScreen.storyboard */,
			);
			path = Delegate;
			sourceTree = "<group>";
		};
		9E5FD64E26020F29008EB927 /* Global */ = {
			isa = PBXGroup;
			children = (
				9E5FD64F26020F2F008EB927 /* Extension */,
			);
			path = Global;
			sourceTree = "<group>";
		};
		9E5FD64F26020F2F008EB927 /* Extension */ = {
			isa = PBXGroup;
			children = (
				9E5FD65026020F49008EB927 /* UILabel+Extension.swift */,
			);
			path = Extension;
			sourceTree = "<group>";
		};
		ACBB6535695221EBA9E00756 /* Frameworks */ = {
			isa = PBXGroup;
			children = (
				F133EBD46408EF03D7128B0B /* Pods_GitToDoList.framework */,
			);
			name = Frameworks;
			sourceTree = "<group>";
		};
		E270A4B37A8CFA2B64E1AB8D /* Pods */ = {
			isa = PBXGroup;
			children = (
				85A9A8C6DAA07AB9307FF56F /* Pods-GitToDoList.debug.xcconfig */,
				588B853A4FFF38F6241E17FC /* Pods-GitToDoList.release.xcconfig */,
			);
			name = Pods;
			path = Pods;
			sourceTree = "<group>";
		};
/* End PBXGroup section */

/* Begin PBXNativeTarget section */
		9E5FD63226020E59008EB927 /* GitToDoList */ = {
			isa = PBXNativeTarget;
			buildConfigurationList = 9E5FD64726020E5C008EB927 /* Build configuration list for PBXNativeTarget "GitToDoList" */;
			buildPhases = (
				D9647B2E2566B63AC0746804 /* [CP] Check Pods Manifest.lock */,
				9E5FD62F26020E59008EB927 /* Sources */,
				9E5FD63026020E59008EB927 /* Frameworks */,
				9E5FD63126020E59008EB927 /* Resources */,
				DCB2D4F812AFE2C227926B28 /* [CP] Embed Pods Frameworks */,
			);
			buildRules = (
			);
			dependencies = (
			);
			name = GitToDoList;
			productName = GitToDoList;
			productReference = 9E5FD63326020E59008EB927 /* GitToDoList.app */;
			productType = "com.apple.product-type.application";
		};
/* End PBXNativeTarget section */

/* Begin PBXProject section */
		9E5FD62B26020E59008EB927 /* Project object */ = {
			isa = PBXProject;
			attributes = {
				LastSwiftUpdateCheck = 1240;
				LastUpgradeCheck = 1240;
				TargetAttributes = {
					9E5FD63226020E59008EB927 = {
						CreatedOnToolsVersion = 12.4;
					};
				};
			};
			buildConfigurationList = 9E5FD62E26020E59008EB927 /* Build configuration list for PBXProject "GitToDoList" */;
			compatibilityVersion = "Xcode 9.3";
			developmentRegion = en;
			hasScannedForEncodings = 0;
			knownRegions = (
				en,
				Base,
			);
			mainGroup = 9E5FD62A26020E59008EB927;
			productRefGroup = 9E5FD63426020E59008EB927 /* Products */;
			projectDirPath = "";
			projectRoot = "";
			targets = (
				9E5FD63226020E59008EB927 /* GitToDoList */,
			);
		};
/* End PBXProject section */

/* Begin PBXResourcesBuildPhase section */
		9E5FD63126020E59008EB927 /* Resources */ = {
			isa = PBXResourcesBuildPhase;
			buildActionMask = 2147483647;
			files = (
				9E5FD64326020E5C008EB927 /* LaunchScreen.storyboard in Resources */,
				9E5FD64026020E5C008EB927 /* Assets.xcassets in Resources */,
				9E5FD63E26020E59008EB927 /* Main.storyboard in Resources */,
			);
			runOnlyForDeploymentPostprocessing = 0;
		};
/* End PBXResourcesBuildPhase section */

/* Begin PBXShellScriptBuildPhase section */
		D9647B2E2566B63AC0746804 /* [CP] Check Pods Manifest.lock */ = {
			isa = PBXShellScriptBuildPhase;
			buildActionMask = 2147483647;
			files = (
			);
			inputFileListPaths = (
			);
			inputPaths = (
				"${PODS_PODFILE_DIR_PATH}/Podfile.lock",
				"${PODS_ROOT}/Manifest.lock",
			);
			name = "[CP] Check Pods Manifest.lock";
			outputFileListPaths = (
			);
			outputPaths = (
				"$(DERIVED_FILE_DIR)/Pods-GitToDoList-checkManifestLockResult.txt",
			);
			runOnlyForDeploymentPostprocessing = 0;
			shellPath = /bin/sh;
			shellScript = "diff \"${PODS_PODFILE_DIR_PATH}/Podfile.lock\" \"${PODS_ROOT}/Manifest.lock\" > /dev/null\nif [ $? != 0 ] ; then\n    # print error to STDERR\n    echo \"error: The sandbox is not in sync with the Podfile.lock. Run 'pod install' or update your CocoaPods installation.\" >&2\n    exit 1\nfi\n# This output is used by Xcode 'outputs' to avoid re-running this script phase.\necho \"SUCCESS\" > \"${SCRIPT_OUTPUT_FILE_0}\"\n";
			showEnvVarsInLog = 0;
		};
		DCB2D4F812AFE2C227926B28 /* [CP] Embed Pods Frameworks */ = {
			isa = PBXShellScriptBuildPhase;
			buildActionMask = 2147483647;
			files = (
			);
			inputFileListPaths = (
				"${PODS_ROOT}/Target Support Files/Pods-GitToDoList/Pods-GitToDoList-frameworks-${CONFIGURATION}-input-files.xcfilelist",
			);
			name = "[CP] Embed Pods Frameworks";
			outputFileListPaths = (
				"${PODS_ROOT}/Target Support Files/Pods-GitToDoList/Pods-GitToDoList-frameworks-${CONFIGURATION}-output-files.xcfilelist",
			);
			runOnlyForDeploymentPostprocessing = 0;
			shellPath = /bin/sh;
			shellScript = "\"${PODS_ROOT}/Target Support Files/Pods-GitToDoList/Pods-GitToDoList-frameworks.sh\"\n";
			showEnvVarsInLog = 0;
		};
/* End PBXShellScriptBuildPhase section */

/* Begin PBXSourcesBuildPhase section */
		9E5FD62F26020E59008EB927 /* Sources */ = {
			isa = PBXSourcesBuildPhase;
			buildActionMask = 2147483647;
			files = (
				9E5FD65126020F49008EB927 /* UILabel+Extension.swift in Sources */,
				9E5FD63B26020E59008EB927 /* ViewController.swift in Sources */,
				9E5FD63726020E59008EB927 /* AppDelegate.swift in Sources */,
				9E5FD63926020E59008EB927 /* SceneDelegate.swift in Sources */,
			);
			runOnlyForDeploymentPostprocessing = 0;
		};
/* End PBXSourcesBuildPhase section */

/* Begin PBXVariantGroup section */
		9E5FD63C26020E59008EB927 /* Main.storyboard */ = {
			isa = PBXVariantGroup;
			children = (
				9E5FD63D26020E59008EB927 /* Base */,
			);
			name = Main.storyboard;
			sourceTree = "<group>";
		};
		9E5FD64126020E5C008EB927 /* LaunchScreen.storyboard */ = {
			isa = PBXVariantGroup;
			children = (
				9E5FD64226020E5C008EB927 /* Base */,
			);
			name = LaunchScreen.storyboard;
			sourceTree = "<group>";
		};
/* End PBXVariantGroup section */

/* Begin XCBuildConfiguration section */
		9E5FD64526020E5C008EB927 /* Debug */ = {
			isa = XCBuildConfiguration;
			buildSettings = {
				ALWAYS_SEARCH_USER_PATHS = NO;
				CLANG_ANALYZER_NONNULL = YES;
				CLANG_ANALYZER_NUMBER_OBJECT_CONVERSION = YES_AGGRESSIVE;
				CLANG_CXX_LANGUAGE_STANDARD = "gnu++14";
				CLANG_CXX_LIBRARY = "libc++";
				CLANG_ENABLE_MODULES = YES;
				CLANG_ENABLE_OBJC_ARC = YES;
				CLANG_ENABLE_OBJC_WEAK = YES;
				CLANG_WARN_BLOCK_CAPTURE_AUTORELEASING = YES;
				CLANG_WARN_BOOL_CONVERSION = YES;
				CLANG_WARN_COMMA = YES;
				CLANG_WARN_CONSTANT_CONVERSION = YES;
				CLANG_WARN_DEPRECATED_OBJC_IMPLEMENTATIONS = YES;
				CLANG_WARN_DIRECT_OBJC_ISA_USAGE = YES_ERROR;
				CLANG_WARN_DOCUMENTATION_COMMENTS = YES;
				CLANG_WARN_EMPTY_BODY = YES;
				CLANG_WARN_ENUM_CONVERSION = YES;
				CLANG_WARN_INFINITE_RECURSION = YES;
				CLANG_WARN_INT_CONVERSION = YES;
				CLANG_WARN_NON_LITERAL_NULL_CONVERSION = YES;
				CLANG_WARN_OBJC_IMPLICIT_RETAIN_SELF = YES;
				CLANG_WARN_OBJC_LITERAL_CONVERSION = YES;
				CLANG_WARN_OBJC_ROOT_CLASS = YES_ERROR;
				CLANG_WARN_QUOTED_INCLUDE_IN_FRAMEWORK_HEADER = YES;
				CLANG_WARN_RANGE_LOOP_ANALYSIS = YES;
				CLANG_WARN_STRICT_PROTOTYPES = YES;
				CLANG_WARN_SUSPICIOUS_MOVE = YES;
				CLANG_WARN_UNGUARDED_AVAILABILITY = YES_AGGRESSIVE;
				CLANG_WARN_UNREACHABLE_CODE = YES;
				CLANG_WARN__DUPLICATE_METHOD_MATCH = YES;
				COPY_PHASE_STRIP = NO;
				DEBUG_INFORMATION_FORMAT = dwarf;
				ENABLE_STRICT_OBJC_MSGSEND = YES;
				ENABLE_TESTABILITY = YES;
				GCC_C_LANGUAGE_STANDARD = gnu11;
				GCC_DYNAMIC_NO_PIC = NO;
				GCC_NO_COMMON_BLOCKS = YES;
				GCC_OPTIMIZATION_LEVEL = 0;
				GCC_PREPROCESSOR_DEFINITIONS = (
					"DEBUG=1",
					"$(inherited)",
				);
				GCC_WARN_64_TO_32_BIT_CONVERSION = YES;
				GCC_WARN_ABOUT_RETURN_TYPE = YES_ERROR;
				GCC_WARN_UNDECLARED_SELECTOR = YES;
				GCC_WARN_UNINITIALIZED_AUTOS = YES_AGGRESSIVE;
				GCC_WARN_UNUSED_FUNCTION = YES;
				GCC_WARN_UNUSED_VARIABLE = YES;
				IPHONEOS_DEPLOYMENT_TARGET = 14.4;
				MTL_ENABLE_DEBUG_INFO = INCLUDE_SOURCE;
				MTL_FAST_MATH = YES;
				ONLY_ACTIVE_ARCH = YES;
				SDKROOT = iphoneos;
				SWIFT_ACTIVE_COMPILATION_CONDITIONS = DEBUG;
				SWIFT_OPTIMIZATION_LEVEL = "-Onone";
			};
			name = Debug;
		};
		9E5FD64626020E5C008EB927 /* Release */ = {
			isa = XCBuildConfiguration;
			buildSettings = {
				ALWAYS_SEARCH_USER_PATHS = NO;
				CLANG_ANALYZER_NONNULL = YES;
				CLANG_ANALYZER_NUMBER_OBJECT_CONVERSION = YES_AGGRESSIVE;
				CLANG_CXX_LANGUAGE_STANDARD = "gnu++14";
				CLANG_CXX_LIBRARY = "libc++";
				CLANG_ENABLE_MODULES = YES;
				CLANG_ENABLE_OBJC_ARC = YES;
				CLANG_ENABLE_OBJC_WEAK = YES;
				CLANG_WARN_BLOCK_CAPTURE_AUTORELEASING = YES;
				CLANG_WARN_BOOL_CONVERSION = YES;
				CLANG_WARN_COMMA = YES;
				CLANG_WARN_CONSTANT_CONVERSION = YES;
				CLANG_WARN_DEPRECATED_OBJC_IMPLEMENTATIONS = YES;
				CLANG_WARN_DIRECT_OBJC_ISA_USAGE = YES_ERROR;
				CLANG_WARN_DOCUMENTATION_COMMENTS = YES;
				CLANG_WARN_EMPTY_BODY = YES;
				CLANG_WARN_ENUM_CONVERSION = YES;
				CLANG_WARN_INFINITE_RECURSION = YES;
				CLANG_WARN_INT_CONVERSION = YES;
				CLANG_WARN_NON_LITERAL_NULL_CONVERSION = YES;
				CLANG_WARN_OBJC_IMPLICIT_RETAIN_SELF = YES;
				CLANG_WARN_OBJC_LITERAL_CONVERSION = YES;
				CLANG_WARN_OBJC_ROOT_CLASS = YES_ERROR;
				CLANG_WARN_QUOTED_INCLUDE_IN_FRAMEWORK_HEADER = YES;
				CLANG_WARN_RANGE_LOOP_ANALYSIS = YES;
				CLANG_WARN_STRICT_PROTOTYPES = YES;
				CLANG_WARN_SUSPICIOUS_MOVE = YES;
				CLANG_WARN_UNGUARDED_AVAILABILITY = YES_AGGRESSIVE;
				CLANG_WARN_UNREACHABLE_CODE = YES;
				CLANG_WARN__DUPLICATE_METHOD_MATCH = YES;
				COPY_PHASE_STRIP = NO;
				DEBUG_INFORMATION_FORMAT = "dwarf-with-dsym";
				ENABLE_NS_ASSERTIONS = NO;
				ENABLE_STRICT_OBJC_MSGSEND = YES;
				GCC_C_LANGUAGE_STANDARD = gnu11;
				GCC_NO_COMMON_BLOCKS = YES;
				GCC_WARN_64_TO_32_BIT_CONVERSION = YES;
				GCC_WARN_ABOUT_RETURN_TYPE = YES_ERROR;
				GCC_WARN_UNDECLARED_SELECTOR = YES;
				GCC_WARN_UNINITIALIZED_AUTOS = YES_AGGRESSIVE;
				GCC_WARN_UNUSED_FUNCTION = YES;
				GCC_WARN_UNUSED_VARIABLE = YES;
				IPHONEOS_DEPLOYMENT_TARGET = 14.4;
				MTL_ENABLE_DEBUG_INFO = NO;
				MTL_FAST_MATH = YES;
				SDKROOT = iphoneos;
				SWIFT_COMPILATION_MODE = wholemodule;
				SWIFT_OPTIMIZATION_LEVEL = "-O";
				VALIDATE_PRODUCT = YES;
			};
			name = Release;
		};
		9E5FD64826020E5C008EB927 /* Debug */ = {
			isa = XCBuildConfiguration;
			baseConfigurationReference = 85A9A8C6DAA07AB9307FF56F /* Pods-GitToDoList.debug.xcconfig */;
			buildSettings = {
				ASSETCATALOG_COMPILER_APPICON_NAME = AppIcon;
				ASSETCATALOG_COMPILER_GLOBAL_ACCENT_COLOR_NAME = AccentColor;
				CODE_SIGN_STYLE = Automatic;
				DEVELOPMENT_TEAM = WFRFQ5S6AR;
				INFOPLIST_FILE = GitToDoList/Info.plist;
				LD_RUNPATH_SEARCH_PATHS = (
					"$(inherited)",
					"@executable_path/Frameworks",
				);
				PRODUCT_BUNDLE_IDENTIFIER = com.minseung.GitToDoList;
				PRODUCT_NAME = "$(TARGET_NAME)";
				SWIFT_VERSION = 5.0;
				TARGETED_DEVICE_FAMILY = "1,2";
			};
			name = Debug;
		};
		9E5FD64926020E5C008EB927 /* Release */ = {
			isa = XCBuildConfiguration;
			baseConfigurationReference = 588B853A4FFF38F6241E17FC /* Pods-GitToDoList.release.xcconfig */;
			buildSettings = {
				ASSETCATALOG_COMPILER_APPICON_NAME = AppIcon;
				ASSETCATALOG_COMPILER_GLOBAL_ACCENT_COLOR_NAME = AccentColor;
				CODE_SIGN_STYLE = Automatic;
				DEVELOPMENT_TEAM = WFRFQ5S6AR;
				INFOPLIST_FILE = GitToDoList/Info.plist;
				LD_RUNPATH_SEARCH_PATHS = (
					"$(inherited)",
					"@executable_path/Frameworks",
				);
				PRODUCT_BUNDLE_IDENTIFIER = com.minseung.GitToDoList;
				PRODUCT_NAME = "$(TARGET_NAME)";
				SWIFT_VERSION = 5.0;
				TARGETED_DEVICE_FAMILY = "1,2";
			};
			name = Release;
		};
/* End XCBuildConfiguration section */

/* Begin XCConfigurationList section */
		9E5FD62E26020E59008EB927 /* Build configuration list for PBXProject "GitToDoList" */ = {
			isa = XCConfigurationList;
			buildConfigurations = (
				9E5FD64526020E5C008EB927 /* Debug */,
				9E5FD64626020E5C008EB927 /* Release */,
			);
			defaultConfigurationIsVisible = 0;
			defaultConfigurationName = Release;
		};
		9E5FD64726020E5C008EB927 /* Build configuration list for PBXNativeTarget "GitToDoList" */ = {
			isa = XCConfigurationList;
			buildConfigurations = (
				9E5FD64826020E5C008EB927 /* Debug */,
				9E5FD64926020E5C008EB927 /* Release */,
			);
			defaultConfigurationIsVisible = 0;
			defaultConfigurationName = Release;
		};
/* End XCConfigurationList section */
	};
	rootObject = 9E5FD62B26020E59008EB927 /* Project object */;
}
